
Microsoft Visual Studio Solution File, Format Version 12.00
# Visual Studio Version 17
VisualStudioVersion = 17.14.36401.2
MinimumVisualStudioVersion = 10.0.40219.1
Project("{FAE04EC0-301F-11D3-BF4B-00C04F79EFBC}") = "TPWinForm_equipo-17A", "TPWinForm_equipo-17A\TPWinForm_equipo-17A.csproj", "{51AF2F79-C846-4975-8525-17AD44219372}"
EndProject
Project("{FAE04EC0-301F-11D3-BF4B-00C04F79EFBC}") = "dominio", "dominio\dominio.csproj", "{5D8A2E91-D566-440C-B8BF-2ADDA5D48DB6}"
EndProject
Project("{FAE04EC0-301F-11D3-BF4B-00C04F79EFBC}") = "negocio", "negocio\negocio.csproj", "{014DA51A-D8A8-4AC2-A6DF-612C7915C25A}"
EndProject
Project("{FAE04EC0-301F-11D3-BF4B-00C04F79EFBC}") = "api-catalogo", "api-catalogo\api-catalogo.csproj", "{A2EE41D3-C425-4229-B631-06FAAF17902A}"
EndProject
Global
	GlobalSection(SolutionConfigurationPlatforms) = preSolution
		Debug|Any CPU = Debug|Any CPU
		Release|Any CPU = Release|Any CPU
	EndGlobalSection
	GlobalSection(ProjectConfigurationPlatforms) = postSolution
		{51AF2F79-C846-4975-8525-17AD44219372}.Debug|Any CPU.ActiveCfg = Debug|Any CPU
		{51AF2F79-C846-4975-8525-17AD44219372}.Debug|Any CPU.Build.0 = Debug|Any CPU
		{51AF2F79-C846-4975-8525-17AD44219372}.Release|Any CPU.ActiveCfg = Release|Any CPU
		{51AF2F79-C846-4975-8525-17AD44219372}.Release|Any CPU.Build.0 = Release|Any CPU
		{5D8A2E91-D566-440C-B8BF-2ADDA5D48DB6}.Debug|Any CPU.ActiveCfg = Debug|Any CPU
		{5D8A2E91-D566-440C-B8BF-2ADDA5D48DB6}.Debug|Any CPU.Build.0 = Debug|Any CPU
		{5D8A2E91-D566-440C-B8BF-2ADDA5D48DB6}.Release|Any CPU.ActiveCfg = Release|Any CPU
		{5D8A2E91-D566-440C-B8BF-2ADDA5D48DB6}.Release|Any CPU.Build.0 = Release|Any CPU
		{014DA51A-D8A8-4AC2-A6DF-612C7915C25A}.Debug|Any CPU.ActiveCfg = Debug|Any CPU
		{014DA51A-D8A8-4AC2-A6DF-612C7915C25A}.Debug|Any CPU.Build.0 = Debug|Any CPU
		{014DA51A-D8A8-4AC2-A6DF-612C7915C25A}.Release|Any CPU.ActiveCfg = Release|Any CPU
		{014DA51A-D8A8-4AC2-A6DF-612C7915C25A}.Release|Any CPU.Build.0 = Release|Any CPU
		{A2EE41D3-C425-4229-B631-06FAAF17902A}.Debug|Any CPU.ActiveCfg = Debug|Any CPU
		{A2EE41D3-C425-4229-B631-06FAAF17902A}.Debug|Any CPU.Build.0 = Debug|Any CPU
		{A2EE41D3-C425-4229-B631-06FAAF17902A}.Release|Any CPU.ActiveCfg = Release|Any CPU
		{A2EE41D3-C425-4229-B631-06FAAF17902A}.Release|Any CPU.Build.0 = Release|Any CPU
	EndGlobalSection
	GlobalSection(SolutionProperties) = preSolution
		HideSolutionNode = FALSE
	EndGlobalSection
	GlobalSection(ExtensibilityGlobals) = postSolution
		SolutionGuid = {8A46AA4B-ADFD-4C8F-A0F0-892F785A3D91}
	EndGlobalSection
EndGlobal
